
Microsoft Visual Studio Solution File, Format Version 12.00
# Visual Studio Version 17
VisualStudioVersion = 17.0.31919.166
MinimumVisualStudioVersion = 10.0.40219.1
Project("{FAE04EC0-301F-11D3-BF4B-00C04F79EFBC}") = "Business", "Business\Business.csproj", "{011C1E10-CAAC-4802-96AB-D2A08434A949}"
EndProject
Project("{FAE04EC0-301F-11D3-BF4B-00C04F79EFBC}") = "Core", "Core\Core.csproj", "{B6AC6CC1-466D-4EB8-9F08-EF667EE7BBF9}"
EndProject
Project("{FAE04EC0-301F-11D3-BF4B-00C04F79EFBC}") = "DataAccess", "DataAccess\DataAccess.csproj", "{75522B48-B8CA-4767-BCBB-55EB161DBF2E}"
EndProject
Project("{FAE04EC0-301F-11D3-BF4B-00C04F79EFBC}") = "Entities", "Entities\Entities.csproj", "{47A76C8F-1E3B-4817-99CA-A2426A3DC060}"
EndProject
Project("{FAE04EC0-301F-11D3-BF4B-00C04F79EFBC}") = "Api", "Api\Api.csproj", "{F9DC6A2E-1B5C-4A83-8650-E97F1C3A1A56}"
EndProject
Global
	GlobalSection(SolutionConfigurationPlatforms) = preSolution
		Debug|Any CPU = Debug|Any CPU
		Release|Any CPU = Release|Any CPU
	EndGlobalSection
	GlobalSection(ProjectConfigurationPlatforms) = postSolution
		{011C1E10-CAAC-4802-96AB-D2A08434A949}.Debug|Any CPU.ActiveCfg = Debug|Any CPU
		{011C1E10-CAAC-4802-96AB-D2A08434A949}.Debug|Any CPU.Build.0 = Debug|Any CPU
		{011C1E10-CAAC-4802-96AB-D2A08434A949}.Release|Any CPU.ActiveCfg = Release|Any CPU
		{011C1E10-CAAC-4802-96AB-D2A08434A949}.Release|Any CPU.Build.0 = Release|Any CPU
		{B6AC6CC1-466D-4EB8-9F08-EF667EE7BBF9}.Debug|Any CPU.ActiveCfg = Debug|Any CPU
		{B6AC6CC1-466D-4EB8-9F08-EF667EE7BBF9}.Debug|Any CPU.Build.0 = Debug|Any CPU
		{B6AC6CC1-466D-4EB8-9F08-EF667EE7BBF9}.Release|Any CPU.ActiveCfg = Release|Any CPU
		{B6AC6CC1-466D-4EB8-9F08-EF667EE7BBF9}.Release|Any CPU.Build.0 = Release|Any CPU
		{75522B48-B8CA-4767-BCBB-55EB161DBF2E}.Debug|Any CPU.ActiveCfg = Debug|Any CPU
		{75522B48-B8CA-4767-BCBB-55EB161DBF2E}.Debug|Any CPU.Build.0 = Debug|Any CPU
		{75522B48-B8CA-4767-BCBB-55EB161DBF2E}.Release|Any CPU.ActiveCfg = Release|Any CPU
		{75522B48-B8CA-4767-BCBB-55EB161DBF2E}.Release|Any CPU.Build.0 = Release|Any CPU
		{47A76C8F-1E3B-4817-99CA-A2426A3DC060}.Debug|Any CPU.ActiveCfg = Debug|Any CPU
		{47A76C8F-1E3B-4817-99CA-A2426A3DC060}.Debug|Any CPU.Build.0 = Debug|Any CPU
		{47A76C8F-1E3B-4817-99CA-A2426A3DC060}.Release|Any CPU.ActiveCfg = Release|Any CPU
		{47A76C8F-1E3B-4817-99CA-A2426A3DC060}.Release|Any CPU.Build.0 = Release|Any CPU
		{F9DC6A2E-1B5C-4A83-8650-E97F1C3A1A56}.Debug|Any CPU.ActiveCfg = Debug|Any CPU
		{F9DC6A2E-1B5C-4A83-8650-E97F1C3A1A56}.Debug|Any CPU.Build.0 = Debug|Any CPU
		{F9DC6A2E-1B5C-4A83-8650-E97F1C3A1A56}.Release|Any CPU.ActiveCfg = Release|Any CPU
		{F9DC6A2E-1B5C-4A83-8650-E97F1C3A1A56}.Release|Any CPU.Build.0 = Release|Any CPU
	EndGlobalSection
	GlobalSection(SolutionProperties) = preSolution
		HideSolutionNode = FALSE
	EndGlobalSection
	GlobalSection(ExtensibilityGlobals) = postSolution
		SolutionGuid = {21C6BDA1-46E0-477C-9EE3-E85AC811B0BD}
	EndGlobalSection
EndGlobal
